
Microsoft Visual Studio Solution File, Format Version 12.00
# Visual Studio Version 17
VisualStudioVersion = 17.7.34009.444
MinimumVisualStudioVersion = 10.0.40219.1
Project("{FAE04EC0-301F-11D3-BF4B-00C04F79EFBC}") = "BookLibrary", "BookLibrary\BookLibrary.csproj", "{0BAD7D2F-BF1E-4496-9B78-30C2DE4C1739}"
EndProject
Project("{FAE04EC0-301F-11D3-BF4B-00C04F79EFBC}") = "BookLibrary.Commons", "BookLibrary.Commons\BookLibrary.Commons.csproj", "{27354659-71E4-4268-8AE3-570505652EB1}"
EndProject
Project("{FAE04EC0-301F-11D3-BF4B-00C04F79EFBC}") = "BookLibrary.Core", "BookLibrary.Core\BookLibrary.Core.csproj", "{F0ABAEE2-0071-47A6-8B91-C47A942B1AB3}"
EndProject
Project("{FAE04EC0-301F-11D3-BF4B-00C04F79EFBC}") = "BookLibrary.Data", "BookLibrary.Data\BookLibrary.Data.csproj", "{53B690F3-62A0-45BE-A53C-EC7845641BA6}"
EndProject
Project("{FAE04EC0-301F-11D3-BF4B-00C04F79EFBC}") = "BookLibrary.Model", "BookLibrary.Model\BookLibrary.Model.csproj", "{9F44EA7E-9230-4568-937E-561828F7E1C6}"
EndProject
Global
	GlobalSection(SolutionConfigurationPlatforms) = preSolution
		Debug|Any CPU = Debug|Any CPU
		Release|Any CPU = Release|Any CPU
	EndGlobalSection
	GlobalSection(ProjectConfigurationPlatforms) = postSolution
		{0BAD7D2F-BF1E-4496-9B78-30C2DE4C1739}.Debug|Any CPU.ActiveCfg = Debug|Any CPU
		{0BAD7D2F-BF1E-4496-9B78-30C2DE4C1739}.Debug|Any CPU.Build.0 = Debug|Any CPU
		{0BAD7D2F-BF1E-4496-9B78-30C2DE4C1739}.Release|Any CPU.ActiveCfg = Release|Any CPU
		{0BAD7D2F-BF1E-4496-9B78-30C2DE4C1739}.Release|Any CPU.Build.0 = Release|Any CPU
		{27354659-71E4-4268-8AE3-570505652EB1}.Debug|Any CPU.ActiveCfg = Debug|Any CPU
		{27354659-71E4-4268-8AE3-570505652EB1}.Debug|Any CPU.Build.0 = Debug|Any CPU
		{27354659-71E4-4268-8AE3-570505652EB1}.Release|Any CPU.ActiveCfg = Release|Any CPU
		{27354659-71E4-4268-8AE3-570505652EB1}.Release|Any CPU.Build.0 = Release|Any CPU
		{F0ABAEE2-0071-47A6-8B91-C47A942B1AB3}.Debug|Any CPU.ActiveCfg = Debug|Any CPU
		{F0ABAEE2-0071-47A6-8B91-C47A942B1AB3}.Debug|Any CPU.Build.0 = Debug|Any CPU
		{F0ABAEE2-0071-47A6-8B91-C47A942B1AB3}.Release|Any CPU.ActiveCfg = Release|Any CPU
		{F0ABAEE2-0071-47A6-8B91-C47A942B1AB3}.Release|Any CPU.Build.0 = Release|Any CPU
		{53B690F3-62A0-45BE-A53C-EC7845641BA6}.Debug|Any CPU.ActiveCfg = Debug|Any CPU
		{53B690F3-62A0-45BE-A53C-EC7845641BA6}.Debug|Any CPU.Build.0 = Debug|Any CPU
		{53B690F3-62A0-45BE-A53C-EC7845641BA6}.Release|Any CPU.ActiveCfg = Release|Any CPU
		{53B690F3-62A0-45BE-A53C-EC7845641BA6}.Release|Any CPU.Build.0 = Release|Any CPU
		{9F44EA7E-9230-4568-937E-561828F7E1C6}.Debug|Any CPU.ActiveCfg = Debug|Any CPU
		{9F44EA7E-9230-4568-937E-561828F7E1C6}.Debug|Any CPU.Build.0 = Debug|Any CPU
		{9F44EA7E-9230-4568-937E-561828F7E1C6}.Release|Any CPU.ActiveCfg = Release|Any CPU
		{9F44EA7E-9230-4568-937E-561828F7E1C6}.Release|Any CPU.Build.0 = Release|Any CPU
	EndGlobalSection
	GlobalSection(SolutionProperties) = preSolution
		HideSolutionNode = FALSE
	EndGlobalSection
	GlobalSection(ExtensibilityGlobals) = postSolution
		SolutionGuid = {38CF6FF9-377D-4822-9D1A-0E2184166EEE}
	EndGlobalSection
EndGlobal
