
Microsoft Visual Studio Solution File, Format Version 12.00
# Visual Studio Version 17
VisualStudioVersion = 17.7.34009.444
MinimumVisualStudioVersion = 10.0.40219.1
Project("{FAE04EC0-301F-11D3-BF4B-00C04F79EFBC}") = "BookLibrary", "BookLibrary\BookLibrary.csproj", "{0BAD7D2F-BF1E-4496-9B78-30C2DE4C1739}"
EndProject
Global
	GlobalSection(SolutionConfigurationPlatforms) = preSolution
		Debug|Any CPU = Debug|Any CPU
		Release|Any CPU = Release|Any CPU
	EndGlobalSection
	GlobalSection(ProjectConfigurationPlatforms) = postSolution
		{0BAD7D2F-BF1E-4496-9B78-30C2DE4C1739}.Debug|Any CPU.ActiveCfg = Debug|Any CPU
		{0BAD7D2F-BF1E-4496-9B78-30C2DE4C1739}.Debug|Any CPU.Build.0 = Debug|Any CPU
		{0BAD7D2F-BF1E-4496-9B78-30C2DE4C1739}.Release|Any CPU.ActiveCfg = Release|Any CPU
		{0BAD7D2F-BF1E-4496-9B78-30C2DE4C1739}.Release|Any CPU.Build.0 = Release|Any CPU
	EndGlobalSection
	GlobalSection(SolutionProperties) = preSolution
		HideSolutionNode = FALSE
	EndGlobalSection
	GlobalSection(ExtensibilityGlobals) = postSolution
		SolutionGuid = {38CF6FF9-377D-4822-9D1A-0E2184166EEE}
	EndGlobalSection
EndGlobal
